// !$*UTF8*$!
{
	archiveVersion = 1;
	classes = {
	};
	objectVersion = 51;
	objects = {

/* Begin PBXBuildFile section */
		0483A2812325FCC6BDE511CB /* Pods_ChatLab.framework in Frameworks */ = {isa = PBXBuildFile; fileRef = 07A64B8C4F51B62F3746D5A2 /* Pods_ChatLab.framework */; };
		2BE7D18E24B383B70009F007 /* AppDelegate.m in Sources */ = {isa = PBXBuildFile; fileRef = 2BE7D18D24B383B70009F007 /* AppDelegate.m */; };
		2BE7D19124B383B70009F007 /* SceneDelegate.m in Sources */ = {isa = PBXBuildFile; fileRef = 2BE7D19024B383B70009F007 /* SceneDelegate.m */; };
		2BE7D19724B383B70009F007 /* Main.storyboard in Resources */ = {isa = PBXBuildFile; fileRef = 2BE7D19524B383B70009F007 /* Main.storyboard */; };
		2BE7D19924B383B90009F007 /* Assets.xcassets in Resources */ = {isa = PBXBuildFile; fileRef = 2BE7D19824B383B90009F007 /* Assets.xcassets */; };
		2BE7D19C24B383B90009F007 /* LaunchScreen.storyboard in Resources */ = {isa = PBXBuildFile; fileRef = 2BE7D19A24B383B90009F007 /* LaunchScreen.storyboard */; };
		2BE7D19F24B383B90009F007 /* main.m in Sources */ = {isa = PBXBuildFile; fileRef = 2BE7D19E24B383B90009F007 /* main.m */; };
		2BE7D1A924B383B90009F007 /* ChatLabTests.m in Sources */ = {isa = PBXBuildFile; fileRef = 2BE7D1A824B383B90009F007 /* ChatLabTests.m */; };
		2BE7D1B424B383B90009F007 /* ChatLabUITests.m in Sources */ = {isa = PBXBuildFile; fileRef = 2BE7D1B324B383B90009F007 /* ChatLabUITests.m */; };
		2BE7D1C424B387820009F007 /* LoginViewController.m in Sources */ = {isa = PBXBuildFile; fileRef = 2BE7D1C324B387820009F007 /* LoginViewController.m */; };
		2BE7D1C724B38D760009F007 /* ChatViewController.m in Sources */ = {isa = PBXBuildFile; fileRef = 2BE7D1C624B38D760009F007 /* ChatViewController.m */; };
		2BE7D1CB24B390DC0009F007 /* ChatCell.m in Sources */ = {isa = PBXBuildFile; fileRef = 2BE7D1CA24B390DC0009F007 /* ChatCell.m */; };
		7E11E05999FFE3648931B392 /* Pods_ChatLabTests.framework in Frameworks */ = {isa = PBXBuildFile; fileRef = 2E9319828BC3B1271466D470 /* Pods_ChatLabTests.framework */; };
		AC4E0917DAC3E45FB413268A /* Pods_ChatLab_ChatLabUITests.framework in Frameworks */ = {isa = PBXBuildFile; fileRef = 0F0B47515FC9E3174B10A8E0 /* Pods_ChatLab_ChatLabUITests.framework */; };
/* End PBXBuildFile section */

/* Begin PBXContainerItemProxy section */
		2BE7D1A524B383B90009F007 /* PBXContainerItemProxy */ = {
			isa = PBXContainerItemProxy;
			containerPortal = 2BE7D18124B383B70009F007 /* Project object */;
			proxyType = 1;
			remoteGlobalIDString = 2BE7D18824B383B70009F007;
			remoteInfo = ChatLab;
		};
		2BE7D1B024B383B90009F007 /* PBXContainerItemProxy */ = {
			isa = PBXContainerItemProxy;
			containerPortal = 2BE7D18124B383B70009F007 /* Project object */;
			proxyType = 1;
			remoteGlobalIDString = 2BE7D18824B383B70009F007;
			remoteInfo = ChatLab;
		};
/* End PBXContainerItemProxy section */

/* Begin PBXFileReference section */
		07A64B8C4F51B62F3746D5A2 /* Pods_ChatLab.framework */ = {isa = PBXFileReference; explicitFileType = wrapper.framework; includeInIndex = 0; path = Pods_ChatLab.framework; sourceTree = BUILT_PRODUCTS_DIR; };
		0F0B47515FC9E3174B10A8E0 /* Pods_ChatLab_ChatLabUITests.framework */ = {isa = PBXFileReference; explicitFileType = wrapper.framework; includeInIndex = 0; path = Pods_ChatLab_ChatLabUITests.framework; sourceTree = BUILT_PRODUCTS_DIR; };
		2BE7D18924B383B70009F007 /* ChatLab.app */ = {isa = PBXFileReference; explicitFileType = wrapper.application; includeInIndex = 0; path = ChatLab.app; sourceTree = BUILT_PRODUCTS_DIR; };
		2BE7D18C24B383B70009F007 /* AppDelegate.h */ = {isa = PBXFileReference; lastKnownFileType = sourcecode.c.h; path = AppDelegate.h; sourceTree = "<group>"; };
		2BE7D18D24B383B70009F007 /* AppDelegate.m */ = {isa = PBXFileReference; lastKnownFileType = sourcecode.c.objc; path = AppDelegate.m; sourceTree = "<group>"; };
		2BE7D18F24B383B70009F007 /* SceneDelegate.h */ = {isa = PBXFileReference; lastKnownFileType = sourcecode.c.h; path = SceneDelegate.h; sourceTree = "<group>"; };
		2BE7D19024B383B70009F007 /* SceneDelegate.m */ = {isa = PBXFileReference; lastKnownFileType = sourcecode.c.objc; path = SceneDelegate.m; sourceTree = "<group>"; };
		2BE7D19624B383B70009F007 /* Base */ = {isa = PBXFileReference; lastKnownFileType = file.storyboard; name = Base; path = Base.lproj/Main.storyboard; sourceTree = "<group>"; };
		2BE7D19824B383B90009F007 /* Assets.xcassets */ = {isa = PBXFileReference; lastKnownFileType = folder.assetcatalog; path = Assets.xcassets; sourceTree = "<group>"; };
		2BE7D19B24B383B90009F007 /* Base */ = {isa = PBXFileReference; lastKnownFileType = file.storyboard; name = Base; path = Base.lproj/LaunchScreen.storyboard; sourceTree = "<group>"; };
		2BE7D19D24B383B90009F007 /* Info.plist */ = {isa = PBXFileReference; lastKnownFileType = text.plist.xml; path = Info.plist; sourceTree = "<group>"; };
		2BE7D19E24B383B90009F007 /* main.m */ = {isa = PBXFileReference; lastKnownFileType = sourcecode.c.objc; path = main.m; sourceTree = "<group>"; };
		2BE7D1A424B383B90009F007 /* ChatLabTests.xctest */ = {isa = PBXFileReference; explicitFileType = wrapper.cfbundle; includeInIndex = 0; path = ChatLabTests.xctest; sourceTree = BUILT_PRODUCTS_DIR; };
		2BE7D1A824B383B90009F007 /* ChatLabTests.m */ = {isa = PBXFileReference; lastKnownFileType = sourcecode.c.objc; path = ChatLabTests.m; sourceTree = "<group>"; };
		2BE7D1AA24B383B90009F007 /* Info.plist */ = {isa = PBXFileReference; lastKnownFileType = text.plist.xml; path = Info.plist; sourceTree = "<group>"; };
		2BE7D1AF24B383B90009F007 /* ChatLabUITests.xctest */ = {isa = PBXFileReference; explicitFileType = wrapper.cfbundle; includeInIndex = 0; path = ChatLabUITests.xctest; sourceTree = BUILT_PRODUCTS_DIR; };
		2BE7D1B324B383B90009F007 /* ChatLabUITests.m */ = {isa = PBXFileReference; lastKnownFileType = sourcecode.c.objc; path = ChatLabUITests.m; sourceTree = "<group>"; };
		2BE7D1B524B383B90009F007 /* Info.plist */ = {isa = PBXFileReference; lastKnownFileType = text.plist.xml; path = Info.plist; sourceTree = "<group>"; };
		2BE7D1C224B387820009F007 /* LoginViewController.h */ = {isa = PBXFileReference; lastKnownFileType = sourcecode.c.h; path = LoginViewController.h; sourceTree = "<group>"; };
		2BE7D1C324B387820009F007 /* LoginViewController.m */ = {isa = PBXFileReference; lastKnownFileType = sourcecode.c.objc; path = LoginViewController.m; sourceTree = "<group>"; };
		2BE7D1C524B38D760009F007 /* ChatViewController.h */ = {isa = PBXFileReference; lastKnownFileType = sourcecode.c.h; path = ChatViewController.h; sourceTree = "<group>"; };
		2BE7D1C624B38D760009F007 /* ChatViewController.m */ = {isa = PBXFileReference; lastKnownFileType = sourcecode.c.objc; path = ChatViewController.m; sourceTree = "<group>"; };
		2BE7D1C924B390DC0009F007 /* ChatCell.h */ = {isa = PBXFileReference; lastKnownFileType = sourcecode.c.h; path = ChatCell.h; sourceTree = "<group>"; };
		2BE7D1CA24B390DC0009F007 /* ChatCell.m */ = {isa = PBXFileReference; lastKnownFileType = sourcecode.c.objc; path = ChatCell.m; sourceTree = "<group>"; };
		2E9319828BC3B1271466D470 /* Pods_ChatLabTests.framework */ = {isa = PBXFileReference; explicitFileType = wrapper.framework; includeInIndex = 0; path = Pods_ChatLabTests.framework; sourceTree = BUILT_PRODUCTS_DIR; };
		3C3FF3FE99AE669F3DF072E1 /* Pods-ChatLabTests.debug.xcconfig */ = {isa = PBXFileReference; includeInIndex = 1; lastKnownFileType = text.xcconfig; name = "Pods-ChatLabTests.debug.xcconfig"; path = "Target Support Files/Pods-ChatLabTests/Pods-ChatLabTests.debug.xcconfig"; sourceTree = "<group>"; };
		3CA098D842FA1E0DFD00E955 /* Pods-ChatLab.debug.xcconfig */ = {isa = PBXFileReference; includeInIndex = 1; lastKnownFileType = text.xcconfig; name = "Pods-ChatLab.debug.xcconfig"; path = "Target Support Files/Pods-ChatLab/Pods-ChatLab.debug.xcconfig"; sourceTree = "<group>"; };
		4A2C4C659741BF115B87BAD0 /* Pods-ChatLab.release.xcconfig */ = {isa = PBXFileReference; includeInIndex = 1; lastKnownFileType = text.xcconfig; name = "Pods-ChatLab.release.xcconfig"; path = "Target Support Files/Pods-ChatLab/Pods-ChatLab.release.xcconfig"; sourceTree = "<group>"; };
		98424A809FE275402F602DB2 /* Pods-ChatLabTests.release.xcconfig */ = {isa = PBXFileReference; includeInIndex = 1; lastKnownFileType = text.xcconfig; name = "Pods-ChatLabTests.release.xcconfig"; path = "Target Support Files/Pods-ChatLabTests/Pods-ChatLabTests.release.xcconfig"; sourceTree = "<group>"; };
		C1D498B929FDFC384EDC4BE7 /* Pods-ChatLab-ChatLabUITests.debug.xcconfig */ = {isa = PBXFileReference; includeInIndex = 1; lastKnownFileType = text.xcconfig; name = "Pods-ChatLab-ChatLabUITests.debug.xcconfig"; path = "Target Support Files/Pods-ChatLab-ChatLabUITests/Pods-ChatLab-ChatLabUITests.debug.xcconfig"; sourceTree = "<group>"; };
		D098B4B390AE1E46CF7CB851 /* Pods-ChatLab-ChatLabUITests.release.xcconfig */ = {isa = PBXFileReference; includeInIndex = 1; lastKnownFileType = text.xcconfig; name = "Pods-ChatLab-ChatLabUITests.release.xcconfig"; path = "Target Support Files/Pods-ChatLab-ChatLabUITests/Pods-ChatLab-ChatLabUITests.release.xcconfig"; sourceTree = "<group>"; };
/* End PBXFileReference section */

/* Begin PBXFrameworksBuildPhase section */
		2BE7D18624B383B70009F007 /* Frameworks */ = {
			isa = PBXFrameworksBuildPhase;
			buildActionMask = 2147483647;
			files = (
				0483A2812325FCC6BDE511CB /* Pods_ChatLab.framework in Frameworks */,
			);
			runOnlyForDeploymentPostprocessing = 0;
		};
		2BE7D1A124B383B90009F007 /* Frameworks */ = {
			isa = PBXFrameworksBuildPhase;
			buildActionMask = 2147483647;
			files = (
				7E11E05999FFE3648931B392 /* Pods_ChatLabTests.framework in Frameworks */,
			);
			runOnlyForDeploymentPostprocessing = 0;
		};
		2BE7D1AC24B383B90009F007 /* Frameworks */ = {
			isa = PBXFrameworksBuildPhase;
			buildActionMask = 2147483647;
			files = (
				AC4E0917DAC3E45FB413268A /* Pods_ChatLab_ChatLabUITests.framework in Frameworks */,
			);
			runOnlyForDeploymentPostprocessing = 0;
		};
/* End PBXFrameworksBuildPhase section */

/* Begin PBXGroup section */
		2BE7D18024B383B70009F007 = {
			isa = PBXGroup;
			children = (
				2BE7D18B24B383B70009F007 /* ChatLab */,
				2BE7D1A724B383B90009F007 /* ChatLabTests */,
				2BE7D1B224B383B90009F007 /* ChatLabUITests */,
				2BE7D18A24B383B70009F007 /* Products */,
				E1CE779E08202F6BE1A4EC19 /* Pods */,
				B0D74497E3C818C238BA78C0 /* Frameworks */,
			);
			sourceTree = "<group>";
		};
		2BE7D18A24B383B70009F007 /* Products */ = {
			isa = PBXGroup;
			children = (
				2BE7D18924B383B70009F007 /* ChatLab.app */,
				2BE7D1A424B383B90009F007 /* ChatLabTests.xctest */,
				2BE7D1AF24B383B90009F007 /* ChatLabUITests.xctest */,
			);
			name = Products;
			sourceTree = "<group>";
		};
		2BE7D18B24B383B70009F007 /* ChatLab */ = {
			isa = PBXGroup;
			children = (
				2BE7D1C824B390C30009F007 /* Views */,
				2BE7D1C124B3875E0009F007 /* View Controllers */,
				2BE7D18C24B383B70009F007 /* AppDelegate.h */,
				2BE7D18D24B383B70009F007 /* AppDelegate.m */,
				2BE7D18F24B383B70009F007 /* SceneDelegate.h */,
				2BE7D19024B383B70009F007 /* SceneDelegate.m */,
				2BE7D19524B383B70009F007 /* Main.storyboard */,
				2BE7D19824B383B90009F007 /* Assets.xcassets */,
				2BE7D19A24B383B90009F007 /* LaunchScreen.storyboard */,
				2BE7D19D24B383B90009F007 /* Info.plist */,
				2BE7D19E24B383B90009F007 /* main.m */,
			);
			path = ChatLab;
			sourceTree = "<group>";
		};
		2BE7D1A724B383B90009F007 /* ChatLabTests */ = {
			isa = PBXGroup;
			children = (
				2BE7D1A824B383B90009F007 /* ChatLabTests.m */,
				2BE7D1AA24B383B90009F007 /* Info.plist */,
			);
			path = ChatLabTests;
			sourceTree = "<group>";
		};
		2BE7D1B224B383B90009F007 /* ChatLabUITests */ = {
			isa = PBXGroup;
			children = (
				2BE7D1B324B383B90009F007 /* ChatLabUITests.m */,
				2BE7D1B524B383B90009F007 /* Info.plist */,
			);
			path = ChatLabUITests;
			sourceTree = "<group>";
		};
		2BE7D1C124B3875E0009F007 /* View Controllers */ = {
			isa = PBXGroup;
			children = (
				2BE7D1C224B387820009F007 /* LoginViewController.h */,
				2BE7D1C324B387820009F007 /* LoginViewController.m */,
				2BE7D1C524B38D760009F007 /* ChatViewController.h */,
				2BE7D1C624B38D760009F007 /* ChatViewController.m */,
			);
			path = "View Controllers";
			sourceTree = "<group>";
		};
		2BE7D1C824B390C30009F007 /* Views */ = {
			isa = PBXGroup;
			children = (
				2BE7D1C924B390DC0009F007 /* ChatCell.h */,
				2BE7D1CA24B390DC0009F007 /* ChatCell.m */,
			);
			path = Views;
			sourceTree = "<group>";
		};
		B0D74497E3C818C238BA78C0 /* Frameworks */ = {
			isa = PBXGroup;
			children = (
				07A64B8C4F51B62F3746D5A2 /* Pods_ChatLab.framework */,
				0F0B47515FC9E3174B10A8E0 /* Pods_ChatLab_ChatLabUITests.framework */,
				2E9319828BC3B1271466D470 /* Pods_ChatLabTests.framework */,
			);
			name = Frameworks;
			sourceTree = "<group>";
		};
		E1CE779E08202F6BE1A4EC19 /* Pods */ = {
			isa = PBXGroup;
			children = (
				3CA098D842FA1E0DFD00E955 /* Pods-ChatLab.debug.xcconfig */,
				4A2C4C659741BF115B87BAD0 /* Pods-ChatLab.release.xcconfig */,
				C1D498B929FDFC384EDC4BE7 /* Pods-ChatLab-ChatLabUITests.debug.xcconfig */,
				D098B4B390AE1E46CF7CB851 /* Pods-ChatLab-ChatLabUITests.release.xcconfig */,
				3C3FF3FE99AE669F3DF072E1 /* Pods-ChatLabTests.debug.xcconfig */,
				98424A809FE275402F602DB2 /* Pods-ChatLabTests.release.xcconfig */,
			);
			path = Pods;
			sourceTree = "<group>";
		};
/* End PBXGroup section */

/* Begin PBXNativeTarget section */
		2BE7D18824B383B70009F007 /* ChatLab */ = {
			isa = PBXNativeTarget;
			buildConfigurationList = 2BE7D1B824B383B90009F007 /* Build configuration list for PBXNativeTarget "ChatLab" */;
			buildPhases = (
				A3AD25552F0F4CFD182AA714 /* [CP] Check Pods Manifest.lock */,
				2BE7D18524B383B70009F007 /* Sources */,
				2BE7D18624B383B70009F007 /* Frameworks */,
				2BE7D18724B383B70009F007 /* Resources */,
				68E23F29C077B46B6A33D95F /* [CP] Embed Pods Frameworks */,
			);
			buildRules = (
			);
			dependencies = (
			);
			name = ChatLab;
			productName = ChatLab;
			productReference = 2BE7D18924B383B70009F007 /* ChatLab.app */;
			productType = "com.apple.product-type.application";
		};
		2BE7D1A324B383B90009F007 /* ChatLabTests */ = {
			isa = PBXNativeTarget;
			buildConfigurationList = 2BE7D1BB24B383B90009F007 /* Build configuration list for PBXNativeTarget "ChatLabTests" */;
			buildPhases = (
				CD5F341B6B6431A7BFBC906F /* [CP] Check Pods Manifest.lock */,
				2BE7D1A024B383B90009F007 /* Sources */,
				2BE7D1A124B383B90009F007 /* Frameworks */,
				2BE7D1A224B383B90009F007 /* Resources */,
			);
			buildRules = (
			);
			dependencies = (
				2BE7D1A624B383B90009F007 /* PBXTargetDependency */,
			);
			name = ChatLabTests;
			productName = ChatLabTests;
			productReference = 2BE7D1A424B383B90009F007 /* ChatLabTests.xctest */;
			productType = "com.apple.product-type.bundle.unit-test";
		};
		2BE7D1AE24B383B90009F007 /* ChatLabUITests */ = {
			isa = PBXNativeTarget;
			buildConfigurationList = 2BE7D1BE24B383B90009F007 /* Build configuration list for PBXNativeTarget "ChatLabUITests" */;
			buildPhases = (
				838E6B9F616766C78B7DF5A4 /* [CP] Check Pods Manifest.lock */,
				2BE7D1AB24B383B90009F007 /* Sources */,
				2BE7D1AC24B383B90009F007 /* Frameworks */,
				2BE7D1AD24B383B90009F007 /* Resources */,
				01881E35A26E2A0B4F2D444E /* [CP] Embed Pods Frameworks */,
			);
			buildRules = (
			);
			dependencies = (
				2BE7D1B124B383B90009F007 /* PBXTargetDependency */,
			);
			name = ChatLabUITests;
			productName = ChatLabUITests;
			productReference = 2BE7D1AF24B383B90009F007 /* ChatLabUITests.xctest */;
			productType = "com.apple.product-type.bundle.ui-testing";
		};
/* End PBXNativeTarget section */

/* Begin PBXProject section */
		2BE7D18124B383B70009F007 /* Project object */ = {
			isa = PBXProject;
			attributes = {
				LastUpgradeCheck = 1150;
				ORGANIZATIONNAME = "Andres Barragan";
				TargetAttributes = {
					2BE7D18824B383B70009F007 = {
						CreatedOnToolsVersion = 11.5;
					};
					2BE7D1A324B383B90009F007 = {
						CreatedOnToolsVersion = 11.5;
						TestTargetID = 2BE7D18824B383B70009F007;
					};
					2BE7D1AE24B383B90009F007 = {
						CreatedOnToolsVersion = 11.5;
						TestTargetID = 2BE7D18824B383B70009F007;
					};
				};
			};
			buildConfigurationList = 2BE7D18424B383B70009F007 /* Build configuration list for PBXProject "ChatLab" */;
			compatibilityVersion = "Xcode 9.3";
			developmentRegion = en;
			hasScannedForEncodings = 0;
			knownRegions = (
				en,
				Base,
			);
			mainGroup = 2BE7D18024B383B70009F007;
			productRefGroup = 2BE7D18A24B383B70009F007 /* Products */;
			projectDirPath = "";
			projectRoot = "";
			targets = (
				2BE7D18824B383B70009F007 /* ChatLab */,
				2BE7D1A324B383B90009F007 /* ChatLabTests */,
				2BE7D1AE24B383B90009F007 /* ChatLabUITests */,
			);
		};
/* End PBXProject section */

/* Begin PBXResourcesBuildPhase section */
		2BE7D18724B383B70009F007 /* Resources */ = {
			isa = PBXResourcesBuildPhase;
			buildActionMask = 2147483647;
			files = (
				2BE7D19C24B383B90009F007 /* LaunchScreen.storyboard in Resources */,
				2BE7D19924B383B90009F007 /* Assets.xcassets in Resources */,
				2BE7D19724B383B70009F007 /* Main.storyboard in Resources */,
			);
			runOnlyForDeploymentPostprocessing = 0;
		};
		2BE7D1A224B383B90009F007 /* Resources */ = {
			isa = PBXResourcesBuildPhase;
			buildActionMask = 2147483647;
			files = (
			);
			runOnlyForDeploymentPostprocessing = 0;
		};
		2BE7D1AD24B383B90009F007 /* Resources */ = {
			isa = PBXResourcesBuildPhase;
			buildActionMask = 2147483647;
			files = (
			);
			runOnlyForDeploymentPostprocessing = 0;
		};
/* End PBXResourcesBuildPhase section */

/* Begin PBXShellScriptBuildPhase section */
		01881E35A26E2A0B4F2D444E /* [CP] Embed Pods Frameworks */ = {
			isa = PBXShellScriptBuildPhase;
			buildActionMask = 2147483647;
			files = (
			);
			inputFileListPaths = (
				"${PODS_ROOT}/Target Support Files/Pods-ChatLab-ChatLabUITests/Pods-ChatLab-ChatLabUITests-frameworks-${CONFIGURATION}-input-files.xcfilelist",
			);
			name = "[CP] Embed Pods Frameworks";
			outputFileListPaths = (
				"${PODS_ROOT}/Target Support Files/Pods-ChatLab-ChatLabUITests/Pods-ChatLab-ChatLabUITests-frameworks-${CONFIGURATION}-output-files.xcfilelist",
			);
			runOnlyForDeploymentPostprocessing = 0;
			shellPath = /bin/sh;
			shellScript = "\"${PODS_ROOT}/Target Support Files/Pods-ChatLab-ChatLabUITests/Pods-ChatLab-ChatLabUITests-frameworks.sh\"\n";
			showEnvVarsInLog = 0;
		};
		68E23F29C077B46B6A33D95F /* [CP] Embed Pods Frameworks */ = {
			isa = PBXShellScriptBuildPhase;
			buildActionMask = 2147483647;
			files = (
			);
			inputFileListPaths = (
				"${PODS_ROOT}/Target Support Files/Pods-ChatLab/Pods-ChatLab-frameworks-${CONFIGURATION}-input-files.xcfilelist",
			);
			name = "[CP] Embed Pods Frameworks";
			outputFileListPaths = (
				"${PODS_ROOT}/Target Support Files/Pods-ChatLab/Pods-ChatLab-frameworks-${CONFIGURATION}-output-files.xcfilelist",
			);
			runOnlyForDeploymentPostprocessing = 0;
			shellPath = /bin/sh;
			shellScript = "\"${PODS_ROOT}/Target Support Files/Pods-ChatLab/Pods-ChatLab-frameworks.sh\"\n";
			showEnvVarsInLog = 0;
		};
		838E6B9F616766C78B7DF5A4 /* [CP] Check Pods Manifest.lock */ = {
			isa = PBXShellScriptBuildPhase;
			buildActionMask = 2147483647;
			files = (
			);
			inputFileListPaths = (
			);
			inputPaths = (
				"${PODS_PODFILE_DIR_PATH}/Podfile.lock",
				"${PODS_ROOT}/Manifest.lock",
			);
			name = "[CP] Check Pods Manifest.lock";
			outputFileListPaths = (
			);
			outputPaths = (
				"$(DERIVED_FILE_DIR)/Pods-ChatLab-ChatLabUITests-checkManifestLockResult.txt",
			);
			runOnlyForDeploymentPostprocessing = 0;
			shellPath = /bin/sh;
			shellScript = "diff \"${PODS_PODFILE_DIR_PATH}/Podfile.lock\" \"${PODS_ROOT}/Manifest.lock\" > /dev/null\nif [ $? != 0 ] ; then\n    # print error to STDERR\n    echo \"error: The sandbox is not in sync with the Podfile.lock. Run 'pod install' or update your CocoaPods installation.\" >&2\n    exit 1\nfi\n# This output is used by Xcode 'outputs' to avoid re-running this script phase.\necho \"SUCCESS\" > \"${SCRIPT_OUTPUT_FILE_0}\"\n";
			showEnvVarsInLog = 0;
		};
		A3AD25552F0F4CFD182AA714 /* [CP] Check Pods Manifest.lock */ = {
			isa = PBXShellScriptBuildPhase;
			buildActionMask = 2147483647;
			files = (
			);
			inputFileListPaths = (
			);
			inputPaths = (
				"${PODS_PODFILE_DIR_PATH}/Podfile.lock",
				"${PODS_ROOT}/Manifest.lock",
			);
			name = "[CP] Check Pods Manifest.lock";
			outputFileListPaths = (
			);
			outputPaths = (
				"$(DERIVED_FILE_DIR)/Pods-ChatLab-checkManifestLockResult.txt",
			);
			runOnlyForDeploymentPostprocessing = 0;
			shellPath = /bin/sh;
			shellScript = "diff \"${PODS_PODFILE_DIR_PATH}/Podfile.lock\" \"${PODS_ROOT}/Manifest.lock\" > /dev/null\nif [ $? != 0 ] ; then\n    # print error to STDERR\n    echo \"error: The sandbox is not in sync with the Podfile.lock. Run 'pod install' or update your CocoaPods installation.\" >&2\n    exit 1\nfi\n# This output is used by Xcode 'outputs' to avoid re-running this script phase.\necho \"SUCCESS\" > \"${SCRIPT_OUTPUT_FILE_0}\"\n";
			showEnvVarsInLog = 0;
		};
		CD5F341B6B6431A7BFBC906F /* [CP] Check Pods Manifest.lock */ = {
			isa = PBXShellScriptBuildPhase;
			buildActionMask = 2147483647;
			files = (
			);
			inputFileListPaths = (
			);
			inputPaths = (
				"${PODS_PODFILE_DIR_PATH}/Podfile.lock",
				"${PODS_ROOT}/Manifest.lock",
			);
			name = "[CP] Check Pods Manifest.lock";
			outputFileListPaths = (
			);
			outputPaths = (
				"$(DERIVED_FILE_DIR)/Pods-ChatLabTests-checkManifestLockResult.txt",
			);
			runOnlyForDeploymentPostprocessing = 0;
			shellPath = /bin/sh;
			shellScript = "diff \"${PODS_PODFILE_DIR_PATH}/Podfile.lock\" \"${PODS_ROOT}/Manifest.lock\" > /dev/null\nif [ $? != 0 ] ; then\n    # print error to STDERR\n    echo \"error: The sandbox is not in sync with the Podfile.lock. Run 'pod install' or update your CocoaPods installation.\" >&2\n    exit 1\nfi\n# This output is used by Xcode 'outputs' to avoid re-running this script phase.\necho \"SUCCESS\" > \"${SCRIPT_OUTPUT_FILE_0}\"\n";
			showEnvVarsInLog = 0;
		};
/* End PBXShellScriptBuildPhase section */

/* Begin PBXSourcesBuildPhase section */
		2BE7D18524B383B70009F007 /* Sources */ = {
			isa = PBXSourcesBuildPhase;
			buildActionMask = 2147483647;
			files = (
				2BE7D18E24B383B70009F007 /* AppDelegate.m in Sources */,
				2BE7D19F24B383B90009F007 /* main.m in Sources */,
				2BE7D1C724B38D760009F007 /* ChatViewController.m in Sources */,
				2BE7D1CB24B390DC0009F007 /* ChatCell.m in Sources */,
				2BE7D19124B383B70009F007 /* SceneDelegate.m in Sources */,
				2BE7D1C424B387820009F007 /* LoginViewController.m in Sources */,
			);
			runOnlyForDeploymentPostprocessing = 0;
		};
		2BE7D1A024B383B90009F007 /* Sources */ = {
			isa = PBXSourcesBuildPhase;
			buildActionMask = 2147483647;
			files = (
				2BE7D1A924B383B90009F007 /* ChatLabTests.m in Sources */,
			);
			runOnlyForDeploymentPostprocessing = 0;
		};
		2BE7D1AB24B383B90009F007 /* Sources */ = {
			isa = PBXSourcesBuildPhase;
			buildActionMask = 2147483647;
			files = (
				2BE7D1B424B383B90009F007 /* ChatLabUITests.m in Sources */,
			);
			runOnlyForDeploymentPostprocessing = 0;
		};
/* End PBXSourcesBuildPhase section */

/* Begin PBXTargetDependency section */
		2BE7D1A624B383B90009F007 /* PBXTargetDependency */ = {
			isa = PBXTargetDependency;
			target = 2BE7D18824B383B70009F007 /* ChatLab */;
			targetProxy = 2BE7D1A524B383B90009F007 /* PBXContainerItemProxy */;
		};
		2BE7D1B124B383B90009F007 /* PBXTargetDependency */ = {
			isa = PBXTargetDependency;
			target = 2BE7D18824B383B70009F007 /* ChatLab */;
			targetProxy = 2BE7D1B024B383B90009F007 /* PBXContainerItemProxy */;
		};
/* End PBXTargetDependency section */

/* Begin PBXVariantGroup section */
		2BE7D19524B383B70009F007 /* Main.storyboard */ = {
			isa = PBXVariantGroup;
			children = (
				2BE7D19624B383B70009F007 /* Base */,
			);
			name = Main.storyboard;
			sourceTree = "<group>";
		};
		2BE7D19A24B383B90009F007 /* LaunchScreen.storyboard */ = {
			isa = PBXVariantGroup;
			children = (
				2BE7D19B24B383B90009F007 /* Base */,
			);
			name = LaunchScreen.storyboard;
			sourceTree = "<group>";
		};
/* End PBXVariantGroup section */

/* Begin XCBuildConfiguration section */
		2BE7D1B624B383B90009F007 /* Debug */ = {
			isa = XCBuildConfiguration;
			buildSettings = {
				ALWAYS_SEARCH_USER_PATHS = NO;
				CLANG_ANALYZER_NONNULL = YES;
				CLANG_ANALYZER_NUMBER_OBJECT_CONVERSION = YES_AGGRESSIVE;
				CLANG_CXX_LANGUAGE_STANDARD = "gnu++14";
				CLANG_CXX_LIBRARY = "libc++";
				CLANG_ENABLE_MODULES = YES;
				CLANG_ENABLE_OBJC_ARC = YES;
				CLANG_ENABLE_OBJC_WEAK = YES;
				CLANG_WARN_BLOCK_CAPTURE_AUTORELEASING = YES;
				CLANG_WARN_BOOL_CONVERSION = YES;
				CLANG_WARN_COMMA = YES;
				CLANG_WARN_CONSTANT_CONVERSION = YES;
				CLANG_WARN_DEPRECATED_OBJC_IMPLEMENTATIONS = YES;
				CLANG_WARN_DIRECT_OBJC_ISA_USAGE = YES_ERROR;
				CLANG_WARN_DOCUMENTATION_COMMENTS = YES;
				CLANG_WARN_EMPTY_BODY = YES;
				CLANG_WARN_ENUM_CONVERSION = YES;
				CLANG_WARN_INFINITE_RECURSION = YES;
				CLANG_WARN_INT_CONVERSION = YES;
				CLANG_WARN_NON_LITERAL_NULL_CONVERSION = YES;
				CLANG_WARN_OBJC_IMPLICIT_RETAIN_SELF = YES;
				CLANG_WARN_OBJC_LITERAL_CONVERSION = YES;
				CLANG_WARN_OBJC_ROOT_CLASS = YES_ERROR;
				CLANG_WARN_RANGE_LOOP_ANALYSIS = YES;
				CLANG_WARN_STRICT_PROTOTYPES = YES;
				CLANG_WARN_SUSPICIOUS_MOVE = YES;
				CLANG_WARN_UNGUARDED_AVAILABILITY = YES_AGGRESSIVE;
				CLANG_WARN_UNREACHABLE_CODE = YES;
				CLANG_WARN__DUPLICATE_METHOD_MATCH = YES;
				COPY_PHASE_STRIP = NO;
				DEBUG_INFORMATION_FORMAT = dwarf;
				ENABLE_STRICT_OBJC_MSGSEND = YES;
				ENABLE_TESTABILITY = YES;
				GCC_C_LANGUAGE_STANDARD = gnu11;
				GCC_DYNAMIC_NO_PIC = NO;
				GCC_NO_COMMON_BLOCKS = YES;
				GCC_OPTIMIZATION_LEVEL = 0;
				GCC_PREPROCESSOR_DEFINITIONS = (
					"DEBUG=1",
					"$(inherited)",
				);
				GCC_WARN_64_TO_32_BIT_CONVERSION = YES;
				GCC_WARN_ABOUT_RETURN_TYPE = YES_ERROR;
				GCC_WARN_UNDECLARED_SELECTOR = YES;
				GCC_WARN_UNINITIALIZED_AUTOS = YES_AGGRESSIVE;
				GCC_WARN_UNUSED_FUNCTION = YES;
				GCC_WARN_UNUSED_VARIABLE = YES;
				IPHONEOS_DEPLOYMENT_TARGET = 13.5;
				MTL_ENABLE_DEBUG_INFO = INCLUDE_SOURCE;
				MTL_FAST_MATH = YES;
				ONLY_ACTIVE_ARCH = YES;
				SDKROOT = iphoneos;
			};
			name = Debug;
		};
		2BE7D1B724B383B90009F007 /* Release */ = {
			isa = XCBuildConfiguration;
			buildSettings = {
				ALWAYS_SEARCH_USER_PATHS = NO;
				CLANG_ANALYZER_NONNULL = YES;
				CLANG_ANALYZER_NUMBER_OBJECT_CONVERSION = YES_AGGRESSIVE;
				CLANG_CXX_LANGUAGE_STANDARD = "gnu++14";
				CLANG_CXX_LIBRARY = "libc++";
				CLANG_ENABLE_MODULES = YES;
				CLANG_ENABLE_OBJC_ARC = YES;
				CLANG_ENABLE_OBJC_WEAK = YES;
				CLANG_WARN_BLOCK_CAPTURE_AUTORELEASING = YES;
				CLANG_WARN_BOOL_CONVERSION = YES;
				CLANG_WARN_COMMA = YES;
				CLANG_WARN_CONSTANT_CONVERSION = YES;
				CLANG_WARN_DEPRECATED_OBJC_IMPLEMENTATIONS = YES;
				CLANG_WARN_DIRECT_OBJC_ISA_USAGE = YES_ERROR;
				CLANG_WARN_DOCUMENTATION_COMMENTS = YES;
				CLANG_WARN_EMPTY_BODY = YES;
				CLANG_WARN_ENUM_CONVERSION = YES;
				CLANG_WARN_INFINITE_RECURSION = YES;
				CLANG_WARN_INT_CONVERSION = YES;
				CLANG_WARN_NON_LITERAL_NULL_CONVERSION = YES;
				CLANG_WARN_OBJC_IMPLICIT_RETAIN_SELF = YES;
				CLANG_WARN_OBJC_LITERAL_CONVERSION = YES;
				CLANG_WARN_OBJC_ROOT_CLASS = YES_ERROR;
				CLANG_WARN_RANGE_LOOP_ANALYSIS = YES;
				CLANG_WARN_STRICT_PROTOTYPES = YES;
				CLANG_WARN_SUSPICIOUS_MOVE = YES;
				CLANG_WARN_UNGUARDED_AVAILABILITY = YES_AGGRESSIVE;
				CLANG_WARN_UNREACHABLE_CODE = YES;
				CLANG_WARN__DUPLICATE_METHOD_MATCH = YES;
				COPY_PHASE_STRIP = NO;
				DEBUG_INFORMATION_FORMAT = "dwarf-with-dsym";
				ENABLE_NS_ASSERTIONS = NO;
				ENABLE_STRICT_OBJC_MSGSEND = YES;
				GCC_C_LANGUAGE_STANDARD = gnu11;
				GCC_NO_COMMON_BLOCKS = YES;
				GCC_WARN_64_TO_32_BIT_CONVERSION = YES;
				GCC_WARN_ABOUT_RETURN_TYPE = YES_ERROR;
				GCC_WARN_UNDECLARED_SELECTOR = YES;
				GCC_WARN_UNINITIALIZED_AUTOS = YES_AGGRESSIVE;
				GCC_WARN_UNUSED_FUNCTION = YES;
				GCC_WARN_UNUSED_VARIABLE = YES;
				IPHONEOS_DEPLOYMENT_TARGET = 13.5;
				MTL_ENABLE_DEBUG_INFO = NO;
				MTL_FAST_MATH = YES;
				SDKROOT = iphoneos;
				VALIDATE_PRODUCT = YES;
			};
			name = Release;
		};
		2BE7D1B924B383B90009F007 /* Debug */ = {
			isa = XCBuildConfiguration;
			baseConfigurationReference = 3CA098D842FA1E0DFD00E955 /* Pods-ChatLab.debug.xcconfig */;
			buildSettings = {
				ASSETCATALOG_COMPILER_APPICON_NAME = AppIcon;
				CODE_SIGN_STYLE = Automatic;
				INFOPLIST_FILE = ChatLab/Info.plist;
				IPHONEOS_DEPLOYMENT_TARGET = 13.5;
				LD_RUNPATH_SEARCH_PATHS = (
					"$(inherited)",
					"@executable_path/Frameworks",
				);
				PRODUCT_BUNDLE_IDENTIFIER = com.andresbarragan.ChatLab;
				PRODUCT_NAME = "$(TARGET_NAME)";
				TARGETED_DEVICE_FAMILY = "1,2";
			};
			name = Debug;
		};
		2BE7D1BA24B383B90009F007 /* Release */ = {
			isa = XCBuildConfiguration;
			baseConfigurationReference = 4A2C4C659741BF115B87BAD0 /* Pods-ChatLab.release.xcconfig */;
			buildSettings = {
				ASSETCATALOG_COMPILER_APPICON_NAME = AppIcon;
				CODE_SIGN_STYLE = Automatic;
				INFOPLIST_FILE = ChatLab/Info.plist;
				IPHONEOS_DEPLOYMENT_TARGET = 13.5;
				LD_RUNPATH_SEARCH_PATHS = (
					"$(inherited)",
					"@executable_path/Frameworks",
				);
				PRODUCT_BUNDLE_IDENTIFIER = com.andresbarragan.ChatLab;
				PRODUCT_NAME = "$(TARGET_NAME)";
				TARGETED_DEVICE_FAMILY = "1,2";
			};
			name = Release;
		};
		2BE7D1BC24B383B90009F007 /* Debug */ = {
			isa = XCBuildConfiguration;
			baseConfigurationReference = 3C3FF3FE99AE669F3DF072E1 /* Pods-ChatLabTests.debug.xcconfig */;
			buildSettings = {
				BUNDLE_LOADER = "$(TEST_HOST)";
				CODE_SIGN_STYLE = Automatic;
				INFOPLIST_FILE = ChatLabTests/Info.plist;
				IPHONEOS_DEPLOYMENT_TARGET = 13.5;
				LD_RUNPATH_SEARCH_PATHS = (
					"$(inherited)",
					"@executable_path/Frameworks",
					"@loader_path/Frameworks",
				);
				PRODUCT_BUNDLE_IDENTIFIER = com.andresbarragan.ChatLabTests;
				PRODUCT_NAME = "$(TARGET_NAME)";
				TARGETED_DEVICE_FAMILY = "1,2";
				TEST_HOST = "$(BUILT_PRODUCTS_DIR)/ChatLab.app/ChatLab";
			};
			name = Debug;
		};
		2BE7D1BD24B383B90009F007 /* Release */ = {
			isa = XCBuildConfiguration;
			baseConfigurationReference = 98424A809FE275402F602DB2 /* Pods-ChatLabTests.release.xcconfig */;
			buildSettings = {
				BUNDLE_LOADER = "$(TEST_HOST)";
				CODE_SIGN_STYLE = Automatic;
				INFOPLIST_FILE = ChatLabTests/Info.plist;
				IPHONEOS_DEPLOYMENT_TARGET = 13.5;
				LD_RUNPATH_SEARCH_PATHS = (
					"$(inherited)",
					"@executable_path/Frameworks",
					"@loader_path/Frameworks",
				);
				PRODUCT_BUNDLE_IDENTIFIER = com.andresbarragan.ChatLabTests;
				PRODUCT_NAME = "$(TARGET_NAME)";
				TARGETED_DEVICE_FAMILY = "1,2";
				TEST_HOST = "$(BUILT_PRODUCTS_DIR)/ChatLab.app/ChatLab";
			};
			name = Release;
		};
		2BE7D1BF24B383B90009F007 /* Debug */ = {
			isa = XCBuildConfiguration;
			baseConfigurationReference = C1D498B929FDFC384EDC4BE7 /* Pods-ChatLab-ChatLabUITests.debug.xcconfig */;
			buildSettings = {
				CODE_SIGN_STYLE = Automatic;
				INFOPLIST_FILE = ChatLabUITests/Info.plist;
				LD_RUNPATH_SEARCH_PATHS = (
					"$(inherited)",
					"@executable_path/Frameworks",
					"@loader_path/Frameworks",
				);
				PRODUCT_BUNDLE_IDENTIFIER = com.andresbarragan.ChatLabUITests;
				PRODUCT_NAME = "$(TARGET_NAME)";
				TARGETED_DEVICE_FAMILY = "1,2";
				TEST_TARGET_NAME = ChatLab;
			};
			name = Debug;
		};
		2BE7D1C024B383B90009F007 /* Release */ = {
			isa = XCBuildConfiguration;
			baseConfigurationReference = D098B4B390AE1E46CF7CB851 /* Pods-ChatLab-ChatLabUITests.release.xcconfig */;
			buildSettings = {
				CODE_SIGN_STYLE = Automatic;
				INFOPLIST_FILE = ChatLabUITests/Info.plist;
				LD_RUNPATH_SEARCH_PATHS = (
					"$(inherited)",
					"@executable_path/Frameworks",
					"@loader_path/Frameworks",
				);
				PRODUCT_BUNDLE_IDENTIFIER = com.andresbarragan.ChatLabUITests;
				PRODUCT_NAME = "$(TARGET_NAME)";
				TARGETED_DEVICE_FAMILY = "1,2";
				TEST_TARGET_NAME = ChatLab;
			};
			name = Release;
		};
/* End XCBuildConfiguration section */

/* Begin XCConfigurationList section */
		2BE7D18424B383B70009F007 /* Build configuration list for PBXProject "ChatLab" */ = {
			isa = XCConfigurationList;
			buildConfigurations = (
				2BE7D1B624B383B90009F007 /* Debug */,
				2BE7D1B724B383B90009F007 /* Release */,
			);
			defaultConfigurationIsVisible = 0;
			defaultConfigurationName = Release;
		};
		2BE7D1B824B383B90009F007 /* Build configuration list for PBXNativeTarget "ChatLab" */ = {
			isa = XCConfigurationList;
			buildConfigurations = (
				2BE7D1B924B383B90009F007 /* Debug */,
				2BE7D1BA24B383B90009F007 /* Release */,
			);
			defaultConfigurationIsVisible = 0;
			defaultConfigurationName = Release;
		};
		2BE7D1BB24B383B90009F007 /* Build configuration list for PBXNativeTarget "ChatLabTests" */ = {
			isa = XCConfigurationList;
			buildConfigurations = (
				2BE7D1BC24B383B90009F007 /* Debug */,
				2BE7D1BD24B383B90009F007 /* Release */,
			);
			defaultConfigurationIsVisible = 0;
			defaultConfigurationName = Release;
		};
		2BE7D1BE24B383B90009F007 /* Build configuration list for PBXNativeTarget "ChatLabUITests" */ = {
			isa = XCConfigurationList;
			buildConfigurations = (
				2BE7D1BF24B383B90009F007 /* Debug */,
				2BE7D1C024B383B90009F007 /* Release */,
			);
			defaultConfigurationIsVisible = 0;
			defaultConfigurationName = Release;
		};
/* End XCConfigurationList section */
	};
	rootObject = 2BE7D18124B383B70009F007 /* Project object */;
}
